Microsoft Visual Studio Solution File, Format Version 12.00
# Visual Studio 2012
Project("{FAE04EC0-301F-11D3-BF4B-00C04F79EFBC}") = "ProjectMagical", "ProjectMagical.csproj", "{CE8B43D9-AA55-4F25-80CA-10D564033FDA}"
EndProject
Global
	GlobalSection(SolutionConfigurationPlatforms) = preSolution
	Debug|Any CPU = Debug|Any CPU
	ExportDebug|Any CPU = ExportDebug|Any CPU
	ExportRelease|Any CPU = ExportRelease|Any CPU
	EndGlobalSection
	GlobalSection(ProjectConfigurationPlatforms) = postSolution
		{CE8B43D9-AA55-4F25-80CA-10D564033FDA}.Debug|Any CPU.ActiveCfg = Debug|Any CPU
		{CE8B43D9-AA55-4F25-80CA-10D564033FDA}.Debug|Any CPU.Build.0 = Debug|Any CPU
		{CE8B43D9-AA55-4F25-80CA-10D564033FDA}.ExportDebug|Any CPU.ActiveCfg = ExportDebug|Any CPU
		{CE8B43D9-AA55-4F25-80CA-10D564033FDA}.ExportDebug|Any CPU.Build.0 = ExportDebug|Any CPU
		{CE8B43D9-AA55-4F25-80CA-10D564033FDA}.ExportRelease|Any CPU.ActiveCfg = ExportRelease|Any CPU
		{CE8B43D9-AA55-4F25-80CA-10D564033FDA}.ExportRelease|Any CPU.Build.0 = ExportRelease|Any CPU
	EndGlobalSection
EndGlobal
